
Microsoft Visual Studio Solution File, Format Version 12.00
# Visual Studio Version 17
VisualStudioVersion = 17.4.33103.184
MinimumVisualStudioVersion = 10.0.40219.1
Project("{FAE04EC0-301F-11D3-BF4B-00C04F79EFBC}") = "BaseProject", "BaseProject\BaseProject.csproj", "{C2B608A5-2707-4C2D-9BED-5A6947A9B2EC}"
EndProject
Global
	GlobalSection(SolutionConfigurationPlatforms) = preSolution
		Debug|Any CPU = Debug|Any CPU
		Release|Any CPU = Release|Any CPU
	EndGlobalSection
	GlobalSection(ProjectConfigurationPlatforms) = postSolution
		{C2B608A5-2707-4C2D-9BED-5A6947A9B2EC}.Debug|Any CPU.ActiveCfg = Debug|Any CPU
		{C2B608A5-2707-4C2D-9BED-5A6947A9B2EC}.Debug|Any CPU.Build.0 = Debug|Any CPU
		{C2B608A5-2707-4C2D-9BED-5A6947A9B2EC}.Release|Any CPU.ActiveCfg = Release|Any CPU
		{C2B608A5-2707-4C2D-9BED-5A6947A9B2EC}.Release|Any CPU.Build.0 = Release|Any CPU
	EndGlobalSection
	GlobalSection(SolutionProperties) = preSolution
		HideSolutionNode = FALSE
	EndGlobalSection
	GlobalSection(ExtensibilityGlobals) = postSolution
		SolutionGuid = {043FA9AB-F43D-4010-90F7-15EB43CD5D26}
	EndGlobalSection
EndGlobal
